// !$*UTF8*$!
{
	archiveVersion = 1;
	classes = {
	};
	objectVersion = 46;
	objects = {

/* Begin PBXBuildFile section */
		941DF3261F579B2F009B3F04 /* AppDelegate.swift in Sources */ = {isa = PBXBuildFile; fileRef = 941DF3251F579B2F009B3F04 /* AppDelegate.swift */; };
		941DF32B1F579B2F009B3F04 /* Main.storyboard in Resources */ = {isa = PBXBuildFile; fileRef = 941DF3291F579B2F009B3F04 /* Main.storyboard */; };
		941DF32D1F579B2F009B3F04 /* Assets.xcassets in Resources */ = {isa = PBXBuildFile; fileRef = 941DF32C1F579B2F009B3F04 /* Assets.xcassets */; };
		941DF3301F579B2F009B3F04 /* LaunchScreen.storyboard in Resources */ = {isa = PBXBuildFile; fileRef = 941DF32E1F579B2F009B3F04 /* LaunchScreen.storyboard */; };
		941DF3381F579CEF009B3F04 /* MainCollectionViewController.swift in Sources */ = {isa = PBXBuildFile; fileRef = 941DF3371F579CEF009B3F04 /* MainCollectionViewController.swift */; };
/* End PBXBuildFile section */

/* Begin PBXFileReference section */
		941DF3221F579B2F009B3F04 /* PinUI.app */ = {isa = PBXFileReference; explicitFileType = wrapper.application; includeInIndex = 0; path = PinUI.app; sourceTree = BUILT_PRODUCTS_DIR; };
		941DF3251F579B2F009B3F04 /* AppDelegate.swift */ = {isa = PBXFileReference; lastKnownFileType = sourcecode.swift; path = AppDelegate.swift; sourceTree = "<group>"; };
		941DF32A1F579B2F009B3F04 /* Base */ = {isa = PBXFileReference; lastKnownFileType = file.storyboard; name = Base; path = Base.lproj/Main.storyboard; sourceTree = "<group>"; };
		941DF32C1F579B2F009B3F04 /* Assets.xcassets */ = {isa = PBXFileReference; lastKnownFileType = folder.assetcatalog; path = Assets.xcassets; sourceTree = "<group>"; };
		941DF32F1F579B2F009B3F04 /* Base */ = {isa = PBXFileReference; lastKnownFileType = file.storyboard; name = Base; path = Base.lproj/LaunchScreen.storyboard; sourceTree = "<group>"; };
		941DF3311F579B2F009B3F04 /* Info.plist */ = {isa = PBXFileReference; lastKnownFileType = text.plist.xml; path = Info.plist; sourceTree = "<group>"; };
		941DF3371F579CEF009B3F04 /* MainCollectionViewController.swift */ = {isa = PBXFileReference; fileEncoding = 4; lastKnownFileType = sourcecode.swift; name = MainCollectionViewController.swift; path = ../MainCollectionViewController.swift; sourceTree = "<group>"; };
/* End PBXFileReference section */

/* Begin PBXFrameworksBuildPhase section */
		941DF31F1F579B2F009B3F04 /* Frameworks */ = {
			isa = PBXFrameworksBuildPhase;
			buildActionMask = 2147483647;
			files = (
			);
			runOnlyForDeploymentPostprocessing = 0;
		};
/* End PBXFrameworksBuildPhase section */

/* Begin PBXGroup section */
		941DF3191F579B2E009B3F04 = {
			isa = PBXGroup;
			children = (
				941DF3241F579B2F009B3F04 /* PinUI */,
				941DF3231F579B2F009B3F04 /* Products */,
			);
			sourceTree = "<group>";
		};
		941DF3231F579B2F009B3F04 /* Products */ = {
			isa = PBXGroup;
			children = (
				941DF3221F579B2F009B3F04 /* PinUI.app */,
			);
			name = Products;
			sourceTree = "<group>";
		};
		941DF3241F579B2F009B3F04 /* PinUI */ = {
			isa = PBXGroup;
			children = (
				941DF3371F579CEF009B3F04 /* MainCollectionViewController.swift */,
				941DF3251F579B2F009B3F04 /* AppDelegate.swift */,
				941DF3291F579B2F009B3F04 /* Main.storyboard */,
				941DF32C1F579B2F009B3F04 /* Assets.xcassets */,
				941DF32E1F579B2F009B3F04 /* LaunchScreen.storyboard */,
				941DF3311F579B2F009B3F04 /* Info.plist */,
			);
			path = PinUI;
			sourceTree = "<group>";
		};
/* End PBXGroup section */

/* Begin PBXNativeTarget section */
		941DF3211F579B2F009B3F04 /* PinUI */ = {
			isa = PBXNativeTarget;
			buildConfigurationList = 941DF3341F579B2F009B3F04 /* Build configuration list for PBXNativeTarget "PinUI" */;
			buildPhases = (
				941DF31E1F579B2F009B3F04 /* Sources */,
				941DF31F1F579B2F009B3F04 /* Frameworks */,
				941DF3201F579B2F009B3F04 /* Resources */,
			);
			buildRules = (
			);
			dependencies = (
			);
			name = PinUI;
			productName = PinUI;
			productReference = 941DF3221F579B2F009B3F04 /* PinUI.app */;
			productType = "com.apple.product-type.application";
		};
/* End PBXNativeTarget section */

/* Begin PBXProject section */
		941DF31A1F579B2E009B3F04 /* Project object */ = {
			isa = PBXProject;
			attributes = {
				LastSwiftUpdateCheck = 0830;
				LastUpgradeCheck = 0830;
				ORGANIZATIONNAME = "OliveNetworks, Inc.";
				TargetAttributes = {
					941DF3211F579B2F009B3F04 = {
						CreatedOnToolsVersion = 8.3.3;
						DevelopmentTeam = LS2H5K9TR4;
						ProvisioningStyle = Automatic;
					};
				};
			};
			buildConfigurationList = 941DF31D1F579B2E009B3F04 /* Build configuration list for PBXProject "PinUI" */;
			compatibilityVersion = "Xcode 3.2";
			developmentRegion = English;
			hasScannedForEncodings = 0;
			knownRegions = (
				en,
				Base,
			);
			mainGroup = 941DF3191F579B2E009B3F04;
			productRefGroup = 941DF3231F579B2F009B3F04 /* Products */;
			projectDirPath = "";
			projectRoot = "";
			targets = (
				941DF3211F579B2F009B3F04 /* PinUI */,
			);
		};
/* End PBXProject section */

/* Begin PBXResourcesBuildPhase section */
		941DF3201F579B2F009B3F04 /* Resources */ = {
			isa = PBXResourcesBuildPhase;
			buildActionMask = 2147483647;
			files = (
				941DF3301F579B2F009B3F04 /* LaunchScreen.storyboard in Resources */,
				941DF32D1F579B2F009B3F04 /* Assets.xcassets in Resources */,
				941DF32B1F579B2F009B3F04 /* Main.storyboard in Resources */,
			);
			runOnlyForDeploymentPostprocessing = 0;
		};
/* End PBXResourcesBuildPhase section */

/* Begin PBXSourcesBuildPhase section */
		941DF31E1F579B2F009B3F04 /* Sources */ = {
			isa = PBXSourcesBuildPhase;
			buildActionMask = 2147483647;
			files = (
				941DF3261F579B2F009B3F04 /* AppDelegate.swift in Sources */,
				941DF3381F579CEF009B3F04 /* MainCollectionViewController.swift in Sources */,
			);
			runOnlyForDeploymentPostprocessing = 0;
		};
/* End PBXSourcesBuildPhase section */

/* Begin PBXVariantGroup section */
		941DF3291F579B2F009B3F04 /* Main.storyboard */ = {
			isa = PBXVariantGroup;
			children = (
				941DF32A1F579B2F009B3F04 /* Base */,
			);
			name = Main.storyboard;
			sourceTree = "<group>";
		};
		941DF32E1F579B2F009B3F04 /* LaunchScreen.storyboard */ = {
			isa = PBXVariantGroup;
			children = (
				941DF32F1F579B2F009B3F04 /* Base */,
			);
			name = LaunchScreen.storyboard;
			sourceTree = "<group>";
		};
/* End PBXVariantGroup section */

/* Begin XCBuildConfiguration section */
		941DF3321F579B2F009B3F04 /* Debug */ = {
			isa = XCBuildConfiguration;
			buildSettings = {
				ALWAYS_SEARCH_USER_PATHS = NO;
				CLANG_ANALYZER_NONNULL = YES;
				CLANG_ANALYZER_NUMBER_OBJECT_CONVERSION = YES_AGGRESSIVE;
				CLANG_CXX_LANGUAGE_STANDARD = "gnu++0x";
				CLANG_CXX_LIBRARY = "libc++";
				CLANG_ENABLE_MODULES = YES;
				CLANG_ENABLE_OBJC_ARC = YES;
				CLANG_WARN_BOOL_CONVERSION = YES;
				CLANG_WARN_CONSTANT_CONVERSION = YES;
				CLANG_WARN_DIRECT_OBJC_ISA_USAGE = YES_ERROR;
				CLANG_WARN_DOCUMENTATION_COMMENTS = YES;
				CLANG_WARN_EMPTY_BODY = YES;
				CLANG_WARN_ENUM_CONVERSION = YES;
				CLANG_WARN_INFINITE_RECURSION = YES;
				CLANG_WARN_INT_CONVERSION = YES;
				CLANG_WARN_OBJC_ROOT_CLASS = YES_ERROR;
				CLANG_WARN_SUSPICIOUS_MOVE = YES;
				CLANG_WARN_UNREACHABLE_CODE = YES;
				CLANG_WARN__DUPLICATE_METHOD_MATCH = YES;
				"CODE_SIGN_IDENTITY[sdk=iphoneos*]" = "iPhone Developer";
				COPY_PHASE_STRIP = NO;
				DEBUG_INFORMATION_FORMAT = dwarf;
				ENABLE_STRICT_OBJC_MSGSEND = YES;
				ENABLE_TESTABILITY = YES;
				GCC_C_LANGUAGE_STANDARD = gnu99;
				GCC_DYNAMIC_NO_PIC = NO;
				GCC_NO_COMMON_BLOCKS = YES;
				GCC_OPTIMIZATION_LEVEL = 0;
				GCC_PREPROCESSOR_DEFINITIONS = (
					"DEBUG=1",
					"$(inherited)",
				);
				GCC_WARN_64_TO_32_BIT_CONVERSION = YES;
				GCC_WARN_ABOUT_RETURN_TYPE = YES_ERROR;
				GCC_WARN_UNDECLARED_SELECTOR = YES;
				GCC_WARN_UNINITIALIZED_AUTOS = YES_AGGRESSIVE;
				GCC_WARN_UNUSED_FUNCTION = YES;
				GCC_WARN_UNUSED_VARIABLE = YES;
				IPHONEOS_DEPLOYMENT_TARGET = 10.3;
				MTL_ENABLE_DEBUG_INFO = YES;
				ONLY_ACTIVE_ARCH = YES;
				SDKROOT = iphoneos;
				SWIFT_ACTIVE_COMPILATION_CONDITIONS = DEBUG;
				SWIFT_OPTIMIZATION_LEVEL = "-Onone";
			};
			name = Debug;
		};
		941DF3331F579B2F009B3F04 /* Release */ = {
			isa = XCBuildConfiguration;
			buildSettings = {
				ALWAYS_SEARCH_USER_PATHS = NO;
				CLANG_ANALYZER_NONNULL = YES;
				CLANG_ANALYZER_NUMBER_OBJECT_CONVERSION = YES_AGGRESSIVE;
				CLANG_CXX_LANGUAGE_STANDARD = "gnu++0x";
				CLANG_CXX_LIBRARY = "libc++";
				CLANG_ENABLE_MODULES = YES;
				CLANG_ENABLE_OBJC_ARC = YES;
				CLANG_WARN_BOOL_CONVERSION = YES;
				CLANG_WARN_CONSTANT_CONVERSION = YES;
				CLANG_WARN_DIRECT_OBJC_ISA_USAGE = YES_ERROR;
				CLANG_WARN_DOCUMENTATION_COMMENTS = YES;
				CLANG_WARN_EMPTY_BODY = YES;
				CLANG_WARN_ENUM_CONVERSION = YES;
				CLANG_WARN_INFINITE_RECURSION = YES;
				CLANG_WARN_INT_CONVERSION = YES;
				CLANG_WARN_OBJC_ROOT_CLASS = YES_ERROR;
				CLANG_WARN_SUSPICIOUS_MOVE = YES;
				CLANG_WARN_UNREACHABLE_CODE = YES;
				CLANG_WARN__DUPLICATE_METHOD_MATCH = YES;
				"CODE_SIGN_IDENTITY[sdk=iphoneos*]" = "iPhone Developer";
				COPY_PHASE_STRIP = NO;
				DEBUG_INFORMATION_FORMAT = "dwarf-with-dsym";
				ENABLE_NS_ASSERTIONS = NO;
				ENABLE_STRICT_OBJC_MSGSEND = YES;
				GCC_C_LANGUAGE_STANDARD = gnu99;
				GCC_NO_COMMON_BLOCKS = YES;
				GCC_WARN_64_TO_32_BIT_CONVERSION = YES;
				GCC_WARN_ABOUT_RETURN_TYPE = YES_ERROR;
				GCC_WARN_UNDECLARED_SELECTOR = YES;
				GCC_WARN_UNINITIALIZED_AUTOS = YES_AGGRESSIVE;
				GCC_WARN_UNUSED_FUNCTION = YES;
				GCC_WARN_UNUSED_VARIABLE = YES;
				IPHONEOS_DEPLOYMENT_TARGET = 10.3;
				MTL_ENABLE_DEBUG_INFO = NO;
				SDKROOT = iphoneos;
				SWIFT_OPTIMIZATION_LEVEL = "-Owholemodule";
				VALIDATE_PRODUCT = YES;
			};
			name = Release;
		};
		941DF3351F579B2F009B3F04 /* Debug */ = {
			isa = XCBuildConfiguration;
			buildSettings = {
				ASSETCATALOG_COMPILER_APPICON_NAME = AppIcon;
				DEVELOPMENT_TEAM = LS2H5K9TR4;
				INFOPLIST_FILE = PinUI/Info.plist;
				LD_RUNPATH_SEARCH_PATHS = "$(inherited) @executable_path/Frameworks";
				PRODUCT_BUNDLE_IDENTIFIER = net.chm.PinUI;
				PRODUCT_NAME = "$(TARGET_NAME)";
				SWIFT_VERSION = 3.0;
			};
			name = Debug;
		};
		941DF3361F579B2F009B3F04 /* Release */ = {
			isa = XCBuildConfiguration;
			buildSettings = {
				ASSETCATALOG_COMPILER_APPICON_NAME = AppIcon;
				DEVELOPMENT_TEAM = LS2H5K9TR4;
				INFOPLIST_FILE = PinUI/Info.plist;
				LD_RUNPATH_SEARCH_PATHS = "$(inherited) @executable_path/Frameworks";
				PRODUCT_BUNDLE_IDENTIFIER = net.chm.PinUI;
				PRODUCT_NAME = "$(TARGET_NAME)";
				SWIFT_VERSION = 3.0;
			};
			name = Release;
		};
/* End XCBuildConfiguration section */

/* Begin XCConfigurationList section */
		941DF31D1F579B2E009B3F04 /* Build configuration list for PBXProject "PinUI" */ = {
			isa = XCConfigurationList;
			buildConfigurations = (
				941DF3321F579B2F009B3F04 /* Debug */,
				941DF3331F579B2F009B3F04 /* Release */,
			);
			defaultConfigurationIsVisible = 0;
			defaultConfigurationName = Release;
		};
		941DF3341F579B2F009B3F04 /* Build configuration list for PBXNativeTarget "PinUI" */ = {
			isa = XCConfigurationList;
			buildConfigurations = (
				941DF3351F579B2F009B3F04 /* Debug */,
				941DF3361F579B2F009B3F04 /* Release */,
			);
			defaultConfigurationIsVisible = 0;
		};
/* End XCConfigurationList section */
	};
	rootObject = 941DF31A1F579B2E009B3F04 /* Project object */;
}
